version: 1
checksums:
  79f10c5d839c4b720dc4476b2d2f67e8:
    head/1#content: 980ae540c1c0d2c306f3b782197b966c
    head/2: 7534588a8c5778e94d808c34d2fcb459
    head/3#content: 51d52f5209319289929016fd23ed31d2
    body/0/5/0/0: 5a5acd511d231c7d66b1d36be4303cc2
    body/0/5/0/1: e732e4d2583e288947f05577a723040d
    body/0/5/1/1: bbc3654a4d7c9c255548d6e7151cb7eb
    body/0/5/1/2: ca8489ac7e9abb8528ae66a4ad5ad049
    body/0/5/1/3: ee9c88495213314a13960c5b0973cdf0
    body/0/5/2/0/0: a0d273038929d7c5ccd64050f77b60ab
    body/0/5/2/1/0/0: d1cc2e23596b3ae83c9b7cb2f7e1249e
    body/0/5/2/1/0/1: 3cc401a93a0dde27e9c9f872c383da50
    body/0/5/2/1/0/2: bc3b4d677cd84393ec98b1ae04547f2e
    body/0/5/2/1/0/3/0: 064059da4fcd3c22a1fb94efdf3b8c15
    body/0/5/2/1/0/3/1: c8be009cb87a6e0e07ff1d2f7d99f05a
    body/0/5/2/1/0/3/2: 869accffed39dc59eb68d6d470beab4f
    body/0/5/2/1/0/3/3: c8be009cb87a6e0e07ff1d2f7d99f05a
    body/0/5/2/1/0/3/4: a1df7e3cc931d30a6d859bc882d5f54f
    body/0/5/2/1/1/0: cb0f9f2e44b642882c062805a12893cd
    body/0/5/2/1/1/1: 9eafa6899ba42af3622b25c00765e238
    body/0/5/3/0/0: ab07543f9c1a372df7b12005ce8f7d0e
    body/0/5/3/1/0/0: 2d4aa565d3e9fc3140af60efc0bb644b
    body/0/5/3/1/0/1: 7ebc158f626d1d39d21ded91e1fefe69
    body/0/5/3/1/1/0: b1de1d3728d19933d49d569a095afbe3
    body/0/5/3/1/1/1: 206db4d7c47e9067876d7e21a88c65bc
    body/0/5/3/1/1/2: b191b1df0ce3698966b16ce5f7e7fcb0
    body/0/5/4/0/0: 0ddc73631cc00bc71d3650b887aea719
    body/0/5/4/1/0/0: 3f7d3aa407ec21c517a5dbbaab51359a
    body/0/5/4/1/0/1: 6139bceb334323a8d4ff71d4fdc5ba37
    body/0/5/4/1/0/2/0/0/0: fa65ca0ee7a9a74cee74386efc93d49c
    body/0/5/4/1/0/2/0/0/1: 6e87903ef260da661b2bf6d858ba68ca
    body/0/5/4/1/0/2/0/0/2: 6e3258d4cf5835177d174a5259a9cfd6
    body/0/5/4/1/0/2/1/0/0: 630d8f8ee46cc1f660dc355afda1e757
    body/0/5/4/1/0/2/1/0/1: 04e6cc43f4f3b133c30f15f0b6e5ca36
    body/0/5/4/1/0/2/1/0/2: 0326365539c004f6088656f692602078
    body/0/5/4/1/0/2/1/1/0: dde3892facb47ef294c8373048290401
    body/0/5/4/1/0/2/1/1/1: 4b50788e5b0b2fdced15ab7cf020f414
    body/0/5/4/1/0/2/1/1/2: 0326365539c004f6088656f692602078
    body/0/5/4/1/0/2/1/2/0: 05188fa110b3b4a243cf50d2172e3a7b
    body/0/5/4/1/0/2/1/2/1: ba9f3675e18987d067d48533c8897343
    body/0/5/4/1/0/2/1/2/2: 5e2fa7af50cd5d877d9c54fd87bb3bb5
    body/0/5/4/1/1/0: f1b0986c34e9631bd3b1628461ad61a1
    body/0/5/4/1/1/1: 3197573820e099117116eac0df842f94
    body/0/5/6/0/0: 058fa95396e45caae06c5af056960772
    body/0/5/6/1/0/0: 2aeeac2baf04f053299d3a0858b43838
    body/0/5/6/1/0/1: 905ba7c9884407233d630e91f0a22ff2
    body/0/5/6/1/0/2: e8aa52502fd2804f1abf8f981e5c9691
    body/0/5/6/1/0/3: 35c9c0fc1efc16945f917f279a256a1c
    body/0/5/6/1/1/0: d4ed2e780bce49efd10598bb493fa6e2
    body/0/5/6/1/1/1: f3aef5a2f4faea6cddadde49638a1311
    body/0/5/6/1/1/2: bd6f0f8c7d1a22a081886868e87a5037
    body/0/5/7/0/0: b2a75a5f845c660c2258c16c84726bb3
    body/0/5/7/1/0/0/0/0/0: 814ae58a59c6930c0a22031027a2a6ee
    body/0/5/7/1/0/0/0/0/1: 3341fd801c087d9abb85f92ea479d908
    body/0/5/7/1/0/0/0/0/2: 73a9cc22623ee30ab273cc79af780de3
    body/0/5/7/1/0/0/1/0/0: b07151aa638be597328d632923afb014
    body/0/5/7/1/0/0/1/0/1: 2969465200e4373226960d3cd7820e13
    body/0/5/7/1/0/0/1/0/2: f12bbe3b681c370a5fc9fb92dbdb95f5
    body/0/5/7/1/0/0/1/1/0: 87955beb56bd7e2da09e44bacb294b6a
    body/0/5/7/1/0/0/1/1/1: a4aba656832d3a4d73879bc5fa8b2e22
    body/0/5/7/1/0/0/1/1/2: 25f78c46aa85de3ae79370fe7178e043
    body/0/5/7/1/0/0/1/2/0: a5c36b9f3c5e71bfa2aa0cb196654512
    body/0/5/7/1/0/0/1/2/1: 2f33bdd1cac22654af8113939b7ccb40
    body/0/5/7/1/0/0/1/2/2: a3b17df7b19c66a3b0766ea5a09f278e
    body/0/5/7/1/0/0/1/3/0: 491458e31f537a8ac9969f355b87ffac
    body/0/5/7/1/0/0/1/3/1: b5698f6010a4fcb10bc599a0d2a20a1d
    body/0/5/7/1/0/0/1/3/2: 90f05aaa459d109baebe3b06b2b85056
    body/0/5/7/1/0/1: 0269bbc100cbb1186efdc1f25bae131b
    body/0/5/7/1/1/0: 17848a05e690f62c2a8b0a7bf42e1e12
    body/0/5/8/0/0: 27ae14d8d4674b71f1d42bb5e00a9398
    body/0/5/8/1/0/0: 0fd03bc4b2a6e0087e5fa485b0715a84
    body/0/5/8/1/0/1: 443280bfa59be2e46f2f48034aa19b22
    body/0/5/8/1/0/2: e30c4f37731c961020c15253f2e0ad8e
    body/0/5/8/1/1/0/0: fc6e9ac0d0fd546f41cf3cfbed42046a
    body/0/5/8/1/1/0/1/0: 60fc4c2a19ded4f6ced14656b8781133
    body/0/5/8/1/1/0/1/1: cd669d2ed52c65ba9a4e5ecdaf446a2f
    body/0/5/8/1/1/0/1/2: 9372e6c7bfaade7bf2782ec3c64c432f
    body/0/5/8/1/1/0/1/3: 6b4207d5c20f7e01d59e8a7f4803b10c
    body/0/5/8/1/1/0/1/4: 89ae5306a4ccd47ab95f24af5feb7c45
    body/0/5/8/1/1/0/1/5: e54f5a519c43725983e9fe3c274bc373
    body/0/5/8/1/1/0/1/6: 6713d459f67d6d32909c9ce586a53453
    body/0/5/8/1/1/1: 36ebfbba441697082f26d37e82eeffce
    body/0/5/10/0: 75a2354d4ca39e565715360c703a14f4
    body/0/5/10/1: 775998520ff8b607b4e2abda5427135a
    body/0/5/10/2: 0832cfc937dc14485533a3332a0455a1
    body/0/5/11/0: 02479a382e4fbbbfb543303130cb5674
    body/0/5/11/1: 0b7f6182055c4518fd2dab1814c9b0e8
    body/0/5/11/2: 52c8a8cac0b77d997bb4f2b60335b34c
  113b36ed6aa9901e2aab774d4d71acff:
    head/1#content: 980ae540c1c0d2c306f3b782197b966c
    head/2: 4434829aa5cc87018635d1cb92e47a31
    head/3#content: a6ed12ae647f1e8a491f407238bd43b7
    body/0/5/0/0: 5a5acd511d231c7d66b1d36be4303cc2
    body/0/5/0/1: 34520552dcaac1bff1b31bb3c117a4ee
    body/0/5/1/1: 7ca00fe6550b6efc7a97b1f7606bee55
    body/0/5/1/2: 1c96d506ce57f50cd5c75ee11855d1f3
    body/0/5/1/3: ae03bf4ec4d64683f9c4c9a3832f4963
    body/0/5/2/0/0: 209d6d55d0f074e38ff5214fee8bf8bb
    body/0/5/2/1/0/0: 419546604838d50bf4e3fe48b5fb50a4
    body/0/5/2/1/0/1: 688febcc8a30bf9a348a22b28f1d2d73
    body/0/5/2/1/1/0: e08463fba3ef0fc2b13809d5f0015233
    body/0/5/2/1/1/1: 091d08364e5a36eaf4a525ac9dda105e
    body/0/5/2/1/1/2: 619789c521ab48d9e1494500e31c2f84
    body/0/5/2/1/1/3: 7f762cfaebbbe1edb5c02503d81b9f4d
    body/0/5/4/0/0: da963128d8e41529dccefddf5b5c7342
    body/0/5/4/1/0/0: 7f4bd9601b24af2b76b2d23e14265f56
    body/0/5/4/1/0/1: 2fb4a0002df008f0703cdaf9fbd7f7b3
    body/0/5/4/1/0/2: 7375e5eb4b2af009e75d588446072c3e
    body/0/5/4/1/0/3: 0b4642546d67ddecd6e7ede490a0d877
    body/0/5/4/1/0/4/0: 52aa7ce6f85a5ccc56812a36badbdf42
    body/0/5/4/1/0/4/1: 3b63c655a10a9a34cba07f0ead74a9e6
    body/0/5/4/1/0/4/2: 6509b8ff00bcfb67fa8a8b5657f0b84f
    body/0/5/4/1/1/0: 280200d3f71fb2c9242db65d757a498a
    body/0/5/4/1/1/1: c6ec7e9f940ca9b6841bde224576fe39
    body/0/5/5/0/0: c30396524f280130a98da541bac7a872
    body/0/5/5/1/0/0: c7b69f38ec9fc99f74fa1861e9d54790
    body/0/5/5/1/0/1: 2c068cd9bf913bdd13dac2488b250955
    body/0/5/5/1/1/0: 1a5b6b28072f746d9966f17795f26c57
    body/0/5/5/1/1/1: 9e0bb5acefc8d0d2f3d05abc0bd8e57d
    body/0/5/5/1/1/2: b3400d62e409912db5fe6310c7c1800c
    body/0/5/5/1/1/3: 2df82f3bc759bdf9aa3666d064ade839
    body/0/5/5/1/1/4/0/1: 4f939c7b2fe0a606dbf1578a4adda7cb
    body/0/5/5/1/1/4/1: c8be009cb87a6e0e07ff1d2f7d99f05a
    body/0/5/5/1/1/4/2/1: d828f4fffae73b9ce76ad2926709827f
    body/0/5/5/1/1/4/3: c8be009cb87a6e0e07ff1d2f7d99f05a
    body/0/5/5/1/1/4/4/1: 49e32988c5d5ad734db42521f8c7d58b
    body/0/5/7/0/0: a27faa2cdb53203b9aa6ceabb90270c9
    body/0/5/7/1/0/0: be9e5af50af8cd02ebcbf56642cff3d0
    body/0/5/7/1/0/1: b5b2869a6c37ba31e7261a28b2e27d07
    body/0/5/7/1/0/2: b034378c981a36ca7909a203c2f7a2ec
    body/0/5/7/1/0/3: 1dbb9b6d0367e17d409edf6f4a851cf4
    body/0/5/7/1/1/0: 60ab6e78836d0301cb02d3b9be1e4200
    body/0/5/7/1/1/1: 0b69e7217dcb453f4928f09468ef410e
    body/0/5/9/0: 59a23e4a6dcad728a7c2118aac536aa4
    body/0/5/9/1: 775998520ff8b607b4e2abda5427135a
    body/0/5/9/2: dd44286309dfc568c9a22f03369f344f
    body/0/5/10/0: 02479a382e4fbbbfb543303130cb5674
    body/0/5/10/1: 0b7f6182055c4518fd2dab1814c9b0e8
    body/0/5/10/2: 52c8a8cac0b77d997bb4f2b60335b34c
  a286597dab9cdb6972e173d5344c91dd:
    head/1#content: 980ae540c1c0d2c306f3b782197b966c
    head/2: a2b10c130f341dfadd77d63eef894481
    head/3#content: 4fbfe10088d41be25df7a129e76fa636
    body/0/5/0/0: 5a5acd511d231c7d66b1d36be4303cc2
    body/0/5/0/1: 1a8cf0b4b400f383d3f452da8c562fbb
    body/0/5/1: bf18eb04f455a26ee40d3bf5b7eb572c
    body/0/5/2/0/0#alt: 329b09f0c56d90a81e717e54c0c8db34
    body/0/5/2/0/1/0: 81a747dc664de1a3389b495c8f84843b
    body/0/5/2/0/1/1: b22560e60212c1d170101055232074d5
    body/0/5/2/0/1/2: 9a5e634a56ef93e2818ccfa5dd18df3a
    body/0/5/2/0/1/3/1: 5a2d82ab1e05251a3c7310b04fa690ab
    body/0/5/3/0: 70896feb73961c6af0d16050c6073137
    body/0/5/3/1/0/0: 32e19d402fa7d80f0c647288b16192be
    body/0/5/3/1/0/1: 06a14e3f041200bffd96f8a908426fc7
    body/0/5/3/1/1/0: 043d4d61ca7e7562ceb4fb9b4eb740dc
    body/0/5/3/1/1/1: d3054e885826c3757dcc54c1e4bd4a21
    body/0/5/4/0/0/0: 1b655a9e6ae415758f19c26fc4136d85
    body/0/5/4/0/0/1: 7ae4e6c8ad8ab18ef1f08228fa97e65f
    body/0/5/4/0/0/2: 21848d0d6413fce016b14098703c2607
    body/0/5/4/0/1/0/0: e08463fba3ef0fc2b13809d5f0015233
    body/0/5/4/0/1/0/1: 7679104d806930e92fa32f7ccfa739e8
    body/0/5/4/0/1/0/2: a47138fb1b8b089e0418a3991c501772
    body/0/5/4/0/1/1/0: 322b7e7bf64f8dd982af621641589c8d
    body/0/5/4/0/1/1/1: 140d33d3c66592447a1f2ba1cd23a45d
    body/0/5/4/0/1/1/2: a9596a31da934a4fff8219b84119b075
    body/0/5/4/0/1/2/0: a01b6239f857fc4897986e1e0bc90819
    body/0/5/4/0/1/2/1: eb3b3941a62e4ccdf428568a6d1f9e95
    body/0/5/4/0/1/2/2: 5d20c3ec6f065eb5e9ae65187ad155d6
    body/0/5/4/0/1/3/0: d0b2a3f097ffa147e4c50ee7548bbaa4
    body/0/5/4/0/1/3/1: 49ff88e01d90357c0db761a0b0b8b447
    body/0/5/4/0/1/3/2: 3e09f907e1948c2136a0ebd6dd2c36d2
    body/0/5/5/0/0: 7375e5eb4b2af009e75d588446072c3e
    body/0/5/5/1/0/0: 64cd32a0bf23670a162c4209b6e7fda9
    body/0/5/5/1/0/1: 402d46965eacc3af4c5df92e53e95712
    body/0/5/5/1/0/2/0: 86bd92afabba0bcaea115c4c628c237b
    body/0/5/5/1/0/2/1: f6ab3ece8a3b1d41d86592870748d82d
    body/0/5/5/1/0/2/2: 5dc95a4e05894c8e794fbec228920c60
    body/0/5/5/1/0/2/3: 86ff7354a6407dca3ab4f4384352f932
    body/0/5/5/1/0/3: a9d71cc6a2a9182a131abea1b2c02e0b
    body/0/5/5/1/1/0: 3fbd08ffd1724ca0549c7036a5543165
    body/0/5/5/1/1/1: 402d46965eacc3af4c5df92e53e95712
    body/0/5/5/1/1/2/0: 0e5e691798c99028d29c98eecf5ca49c
    body/0/5/5/1/1/2/1: 07d962fcac46082ff73d7a9ba3b5b009
    body/0/5/5/1/1/2/2: 95bba5cf7c1d8bdd99d6dec2a28d95ce
    body/0/5/5/1/1/2/3: 28b6d3a3d4a53afa0617a180e318ff4d
    body/0/5/5/1/1/3: 74b448d4f98aca9e84f3288c55e98609
    body/0/5/5/1/2/0: 4b79d46bb0f07a82c93deb3a010eb208
    body/0/5/5/1/2/1: 402d46965eacc3af4c5df92e53e95712
    body/0/5/5/1/2/2/0: 8d75eba7a93ce97afb2151957d3e33d2
    body/0/5/5/1/2/2/1: cecf8d624585be162390ee5df7910343
    body/0/5/5/1/2/2/2: 25021437227d76378975c854e101f99d
    body/0/5/5/1/2/2/3: 1563fcb5ddb5037b0709ccd3dd384a92
    body/0/5/5/1/2/3: 3b3b8b17183d11a66ddc9cd6b82003b4
    body/0/5/6/0/0: 29feab40ca172395de1e21b7748b757d
    body/0/5/6/0/1: 87e474c397a5ab0fb3fc4e7410d74361
    body/0/5/7/0/0: fc2b7ac12907ac135af585c04dadaa8d
    body/0/5/7/0/1: 2f3065c4cfb15cd3cac5d4603beaf72b
    body/0/5/7/1/0/0: 57296a9efb1d35bf22e871392543bb5e
    body/0/5/7/1/0/1: 6c83e247edd56799cd86431dc7dbf257
    body/0/5/7/1/1/0: 9bb79a37716eccfa3f23010106dcfafb
    body/0/5/7/1/1/1: 247e0ebe16bac359a48ec48b04e1eed0
    body/0/5/7/1/2/0: 4e01efcab68bafa3e2d2bb585cb1ca56
    body/0/5/7/1/2/1: 73d102ad139a17c183ed2d4d3bae67f5
    body/0/5/7/1/3/0: a4ccf1629548378252ef4648a6a48b58
    body/0/5/7/1/3/1: b8c4acff80e46e38880c7179eb41f3e7
    body/0/5/9/0: 59a23e4a6dcad728a7c2118aac536aa4
    body/0/5/9/1: 775998520ff8b607b4e2abda5427135a
    body/0/5/9/2/1: 5c783951b0100a168bdd2161ff294833
    body/0/5/10/0: 02479a382e4fbbbfb543303130cb5674
    body/0/5/10/1: 0b7f6182055c4518fd2dab1814c9b0e8
    body/0/5/10/2: 52c8a8cac0b77d997bb4f2b60335b34c
  8450221f1ff6ba9565613c52f3b568da:
    head/1#content: 980ae540c1c0d2c306f3b782197b966c
    head/2: f571a5742f963838e51c1d80ce883eda
    head/3#content: 602189b5bf9ea20891663506369e621d
    body/0/5/0/0: 5a5acd511d231c7d66b1d36be4303cc2
    body/0/5/0/1: 5df9893bb3914d17a124aa86041c240f
    body/0/5/1/1: bbf26cd6440bd39766776941d52b8621
    body/0/5/1/2: 1acd8f7e584d8af922dfc516918dcb28
    body/0/5/1/3: ac500eec08c1492b3e32f506661ffe66
    body/0/5/2/0/0: 6a4033202bb68f6b61c74a16f7a4f4b8
    body/0/5/2/0/1: 5385e4d569f6d3b93cd2af626b0defc6
    body/0/5/2/1/0: a4d5d253dbb73c9217dd4ae5d58d3ab3
    body/0/5/2/1/1: 247e0ebe16bac359a48ec48b04e1eed0
    body/0/5/2/2/0: 5eac36fca16081001673d74917b0aa16
    body/0/5/2/2/1: 73d102ad139a17c183ed2d4d3bae67f5
    body/0/5/2/3/0: fed60ee7c6861f01c810652e35ffa625
    body/0/5/2/3/1: 898be81bd983397263c5310dbb2aa349
    body/0/5/4/0/0/0: 9508e8b6020cb0d420e29a92971df61a
    body/0/5/4/0/0/1: 3efed34f41d29ed64f8acd22221ef1c1
    body/0/5/4/0/0/2: 6e91c666e75cd45850ced63f883a9918
    body/0/5/4/0/1/0: 38f25c43f4dea0a370858e00ffe766ad
    body/0/5/4/0/1/1: e5564c6b75057391169130a0ee376c74
    body/0/5/5/0/0/0: 37ac1f19ab7c17d144f8f509dd768e8a
    body/0/5/5/0/0/1/0/0: 51a7aca89364bf0192e7c1496b6bc9b5
    body/0/5/5/0/0/1/1/0: 279355efa4b41a14a237c080bbc6b42b
    body/0/5/5/0/0/1/2/0: 96ad6d82cbfba20c345d430c80411a47
    body/0/5/5/0/0/1/3/0: 5ac59a14bc55598326d5d3892d0c2ee0
    body/0/5/5/0/0/1/4/0: 0304993b64c6623004cb8a278e53c7d5
    body/0/5/5/0/1/0: 070ff0ab920c633f34eb194b161ac3e7
    body/0/5/5/0/1/1: db0ed7b8c89793cd9ede66ede01c25e6
    body/0/5/5/0/1/2: 9909ecf183badf91151871f7b060aa28
    body/0/5/6/0/0/0: 3953fefabac098a1ba7ec1fb83d5b628
    body/0/5/6/0/0/1: 0e2b1da961fa7be20e2047298d670d8c
    body/0/5/6/0/0/2/0/1: 7b3ab7cf1495cfeb716dab13b7c81efa
    body/0/5/6/0/0/2/1: c8be009cb87a6e0e07ff1d2f7d99f05a
    body/0/5/6/0/0/2/2/1: a59a717064c5a6430007231b03ef75f7
    body/0/5/6/0/0/2/3: c8be009cb87a6e0e07ff1d2f7d99f05a
    body/0/5/6/0/0/2/4/1: 818dfe26823bfeff6598c03e20bd6547
    body/0/5/6/0/0/2/5: c8be009cb87a6e0e07ff1d2f7d99f05a
    body/0/5/6/0/0/2/6/1: 2a130e76cdfc3f7273532e866c2a7ca2
    body/0/5/6/0/0/3: eb73c2eeb3c38f50544c03201a0050d9
    body/0/5/6/0/1/0: 15f561e5ed5166c1ab6ac8467132f68b
    body/0/5/6/0/1/1: 21723ed46e9242822345916de2a1c2c2
    body/0/5/8/0/0/0: b628ccdd09058089507145d171485b32
    body/0/5/8/0/0/1: c7c1006208822ceaeeb285ae93bc9f6b
    body/0/5/8/0/0/2: 72c09018a6e0152da9cea3be861d8069
    body/0/5/8/0/1/0: 9aa25e73fc45e48d4632377d78320504
    body/0/5/9/0/0/0: 1cdc347b0c66e968792825595fa736b9
    body/0/5/9/0/1/0: 5bd2b9d427dbe966e6c18e71f090be05
    body/0/5/9/0/1/1: 461f6f71189936fcaffd7e8497cea8c7
    body/0/5/9/0/1/2: 7a07ce5d47d7a546e73f89ac6a1c3e2a
    body/0/5/11/0: dc32fa3436acce8678ce2d8471926056
    body/0/5/11/1: 3ce0c4417e1a188eb4c9f05b76f186d4
    body/0/5/11/2: 0832cfc937dc14485533a3332a0455a1
    body/0/5/12/0: 02479a382e4fbbbfb543303130cb5674
    body/0/5/12/1: 0b7f6182055c4518fd2dab1814c9b0e8
    body/0/5/12/2: 52c8a8cac0b77d997bb4f2b60335b34c
  33e41c779b9989ad8b35d9aa9d5c1036:
    head/1#content: 980ae540c1c0d2c306f3b782197b966c
    head/2: 33174e9e597add038c0b02f7c9f4e84a
    head/3#content: 4a24886fa2613093e092e398c9fcd903
    body/0/5/0/0: 5a5acd511d231c7d66b1d36be4303cc2
    body/0/5/0/1: 5ff5230c0ecbc3ca08a8dcc316c00aba
    body/0/5/1/1: 3709f05257e7b42e959bea4fc27751e8
    body/0/5/1/2: c8192b7e9073face59612a148d42cbc8
    body/0/5/1/3: 6197a60394ccce497dc19363e5dce8ce
    body/0/5/2/0/1/0: dcae7fceaa82a84d1624bff782daed57
    body/0/5/2/0/1/1: e671cfd9fa796aece7470f25c061e3f1
    body/0/5/2/0/1/2: 389ace125fb21bb86109baf1560164e4
    body/0/5/2/1/1/0: dfaaf276f0aa6d2ec0ce7b14a640c8e5
    body/0/5/2/1/1/1: d8ef55ce8662a420e934adf80ade10ca
    body/0/5/2/1/1/2: 65267d63f17ab8faee675b631399dc4f
    body/0/5/2/2/1/0: e990ea64465012833e6be389abfc5ec4
    body/0/5/2/2/1/1: 7b8d2affe32c5f02969ca454979c97be
    body/0/5/2/2/1/2: cd4cca0e7203f66ab837193bcf702437
    body/0/5/2/3/1/0: 3491538ce33c9befc5eaf032a9d391e8
    body/0/5/2/3/1/1: e03528334ebf6ec2ddb62f6de166ac11
    body/0/5/2/3/1/2: e893eaec3e048062e731ff3b97c0ea6b
    body/0/5/2/4/1/0: bcf791db2817ee9b9d3c0958ae9249dc
    body/0/5/2/4/1/1: 42709cbea81d22aefa766882bfefb951
    body/0/5/2/4/1/2: 45bb33d89b83cf394891f7f51f8d2949
    body/0/5/4/0/0: 27f1a6425662da52fa7dde18f316ce7a
    body/0/5/4/1: e713e7dc183a6a529513b5e9e544ca29
    body/0/5/6/0: c37f733279388bca2891fc690e75c393
    body/0/5/6/1: 775998520ff8b607b4e2abda5427135a
    body/0/5/6/2/1: 2a53e41348ff7765dcb43a2c8193bb38
    body/0/5/7/0: 02479a382e4fbbbfb543303130cb5674
    body/0/5/7/1: 0b7f6182055c4518fd2dab1814c9b0e8
    body/0/5/7/2: 52c8a8cac0b77d997bb4f2b60335b34c
